<?xml version="1.0" encoding="utf-8"?>
<Project ToolsVersion="4.0" xmlns="http://schemas.microsoft.com/developer/msbuild/2003">
  <ItemGroup>
    <Filter Include="Header Files">
      <UniqueIdentifier>{93995380-89BD-4b04-88EB-625FBE52EBFB}</UniqueIdentifier>
      <Extensions>h;hpp;hxx;hm;inl;inc;xsd</Extensions>
    </Filter>
    <Filter Include="Source Files">
      <UniqueIdentifier>{4FC737F1-C7A5-4376-A066-2A32D752A2FF}</UniqueIdentifier>
      <Extensions>cpp;c;cc;cxx;def;odl;idl;hpj;bat;asm;asmx</Extensions>
    </Filter>
  </ItemGroup>
  <ItemGroup>
    <ClInclude Include="audio\AudioStream.h">
      <Filter>Header Files</Filter>
    </ClInclude>
    <ClInclude Include="audio\AudioStream_LstFuncs.h">
      <Filter>Header Files</Filter>
    </ClInclude>
    <ClInclude Include="audio\AudioStream_SpcDrvFuns.h">
      <Filter>Header Files</Filter>
    </ClInclude>
    <ClInclude Include="audio\AudioStructs.h">
      <Filter>Header Files</Filter>
    </ClInclude>
  </ItemGroup>
  <ItemGroup>
    <ClCompile Include="audio\AudDrv_DSound.cpp">
      <Filter>Source Files</Filter>
    </ClCompile>
    <ClCompile Include="audio\AudDrv_WASAPI.cpp">
      <Filter>Source Files</Filter>
    </ClCompile>
    <ClCompile Include="audio\AudDrv_WaveWriter.c">
      <Filter>Source Files</Filter>
    </ClCompile>
    <ClCompile Include="audio\AudDrv_WinMM.c">
      <Filter>Source Files</Filter>
    </ClCompile>
    <ClCompile Include="audio\AudDrv_XAudio2.cpp">
      <Filter>Source Files</Filter>
    </ClCompile>
    <ClCompile Include="audio\AudioStream.c">
      <Filter>Source Files</Filter>
    </ClCompile>
  </ItemGroup>
</Project>